
Microsoft Visual Studio Solution File, Format Version 12.00
# Visual Studio Version 16
VisualStudioVersion = 16.0.33920.266
MinimumVisualStudioVersion = 10.0.40219.1
Project("{FAE04EC0-301F-11D3-BF4B-00C04F79EFBC}") = "КП 18-6- Задание 1", "КП 18-6- Задание 1.csproj", "{4DE395DF-2480-451F-894B-7ECEAFCFEE85}"
EndProject
Global
	GlobalSection(SolutionConfigurationPlatforms) = preSolution
		Debug|Any CPU = Debug|Any CPU
		Release|Any CPU = Release|Any CPU
	EndGlobalSection
	GlobalSection(ProjectConfigurationPlatforms) = postSolution
		{4DE395DF-2480-451F-894B-7ECEAFCFEE85}.Debug|Any CPU.ActiveCfg = Debug|Any CPU
		{4DE395DF-2480-451F-894B-7ECEAFCFEE85}.Debug|Any CPU.Build.0 = Debug|Any CPU
		{4DE395DF-2480-451F-894B-7ECEAFCFEE85}.Release|Any CPU.ActiveCfg = Release|Any CPU
		{4DE395DF-2480-451F-894B-7ECEAFCFEE85}.Release|Any CPU.Build.0 = Release|Any CPU
	EndGlobalSection
	GlobalSection(SolutionProperties) = preSolution
		HideSolutionNode = FALSE
	EndGlobalSection
	GlobalSection(ExtensibilityGlobals) = postSolution
		SolutionGuid = {815D3E3F-6366-4917-A818-8F5645DE277D}
	EndGlobalSection
EndGlobal
